{
  "version": 4,
  "terraform_version": "0.12.24",
  "serial": 2,
  "lineage": "d14729fa-a048-37af-b2c3-ae8ba8fa357f",
  "outputs": {},
  "resources": [
    {
      "mode": "managed",
      "type": "aws_iam_role",
      "name": "lambda_exec_role",
      "provider": "provider.aws",
      "instances": [
        {
          "schema_version": 0,
          "attributes": {
            "arn": "arn:aws:iam::684038162509:role/lambda_exec",
            "assume_role_policy": "{\"Version\":\"2012-10-17\",\"Statement\":[{\"Effect\":\"Allow\",\"Principal\":{\"Service\":\"lambda.amazonaws.com\"},\"Action\":\"sts:AssumeRole\"}]}",
            "create_date": "2020-05-27T13:57:10Z",
            "description": "Allows Lambda Function to call AWS services.",
            "force_detach_policies": false,
            "id": "lambda_exec",
            "max_session_duration": 3600,
            "name": "lambda_exec",
            "name_prefix": null,
            "path": "/",
            "permissions_boundary": null,
            "tags": null,
            "unique_id": "AROAZ6Q62BBGY65QGZETF"
          },
          "private": "bnVsbA=="
        }
      ]
    }
  ]
}
